// !$*UTF8*$!
{
	archiveVersion = 1;
	classes = {
	};
	objectVersion = 55;
	objects = {

/* Begin PBXBuildFile section */
		047FC2412851D7510027D6AA /* AppDelegate.swift in Sources */ = {isa = PBXBuildFile; fileRef = 047FC2402851D7510027D6AA /* AppDelegate.swift */; };
		047FC24B2851D7510027D6AA /* ProductApp.xcdatamodeld in Sources */ = {isa = PBXBuildFile; fileRef = 047FC2492851D7510027D6AA /* ProductApp.xcdatamodeld */; };
		047FC24D2851D7540027D6AA /* Assets.xcassets in Resources */ = {isa = PBXBuildFile; fileRef = 047FC24C2851D7540027D6AA /* Assets.xcassets */; };
		047FC2502851D7540027D6AA /* LaunchScreen.storyboard in Resources */ = {isa = PBXBuildFile; fileRef = 047FC24E2851D7540027D6AA /* LaunchScreen.storyboard */; };
		047FC25B2851D7550027D6AA /* ProductAppTests.swift in Sources */ = {isa = PBXBuildFile; fileRef = 047FC25A2851D7550027D6AA /* ProductAppTests.swift */; };
		047FC2652851D7550027D6AA /* ProductAppUITests.swift in Sources */ = {isa = PBXBuildFile; fileRef = 047FC2642851D7550027D6AA /* ProductAppUITests.swift */; };
		047FC2672851D7550027D6AA /* ProductAppUITestsLaunchTests.swift in Sources */ = {isa = PBXBuildFile; fileRef = 047FC2662851D7550027D6AA /* ProductAppUITestsLaunchTests.swift */; };
		047FC2782851D8160027D6AA /* NetworkManager.swift in Sources */ = {isa = PBXBuildFile; fileRef = 047FC2772851D8160027D6AA /* NetworkManager.swift */; };
		047FC2802851D9340027D6AA /* ProductModel.swift in Sources */ = {isa = PBXBuildFile; fileRef = 047FC27F2851D9340027D6AA /* ProductModel.swift */; };
		047FC2892851DD110027D6AA /* ProductViewModel.swift in Sources */ = {isa = PBXBuildFile; fileRef = 047FC2882851DD110027D6AA /* ProductViewModel.swift */; };
		047FC28B2851DDA50027D6AA /* AppDelegateManager.swift in Sources */ = {isa = PBXBuildFile; fileRef = 047FC28A2851DDA50027D6AA /* AppDelegateManager.swift */; };
		047FC28E2851DE780027D6AA /* HomeVC.swift in Sources */ = {isa = PBXBuildFile; fileRef = 047FC28C2851DE780027D6AA /* HomeVC.swift */; };
		047FC28F2851DE780027D6AA /* HomeVC.xib in Resources */ = {isa = PBXBuildFile; fileRef = 047FC28D2851DE780027D6AA /* HomeVC.xib */; };
		047FC2972851DEE40027D6AA /* HomeCollectionViewCell.swift in Sources */ = {isa = PBXBuildFile; fileRef = 047FC2952851DEE40027D6AA /* HomeCollectionViewCell.swift */; };
		047FC2982851DEE40027D6AA /* HomeCollectionViewCell.xib in Resources */ = {isa = PBXBuildFile; fileRef = 047FC2962851DEE40027D6AA /* HomeCollectionViewCell.xib */; };
		047FC29B2851FA9E0027D6AA /* StaticShadow.swift in Sources */ = {isa = PBXBuildFile; fileRef = 047FC29A2851FA9E0027D6AA /* StaticShadow.swift */; };
		047FC29E2851FC240027D6AA /* ImageLoader.swift in Sources */ = {isa = PBXBuildFile; fileRef = 047FC29D2851FC240027D6AA /* ImageLoader.swift */; };
		047FC2A02851FCFA0027D6AA /* Home + Extenstion.swift in Sources */ = {isa = PBXBuildFile; fileRef = 047FC29F2851FCFA0027D6AA /* Home + Extenstion.swift */; };
		047FC2A22851FDDA0027D6AA /* trackForMemoryLeaks.swift in Sources */ = {isa = PBXBuildFile; fileRef = 047FC2A12851FDDA0027D6AA /* trackForMemoryLeaks.swift */; };
		047FC2A5285200920027D6AA /* Reachability.swift in Sources */ = {isa = PBXBuildFile; fileRef = 047FC2A4285200920027D6AA /* Reachability.swift */; };
		047FC2A82852022C0027D6AA /* DatabaseManagerProtocol.swift in Sources */ = {isa = PBXBuildFile; fileRef = 047FC2A72852022C0027D6AA /* DatabaseManagerProtocol.swift */; };
		047FC2AA285202460027D6AA /* RecipeItemModel.swift in Sources */ = {isa = PBXBuildFile; fileRef = 047FC2A9285202460027D6AA /* RecipeItemModel.swift */; };
		047FC2AC285202B60027D6AA /* CoreDataHelper.swift in Sources */ = {isa = PBXBuildFile; fileRef = 047FC2AB285202B60027D6AA /* CoreDataHelper.swift */; };
		047FC2AE285202D70027D6AA /* DatabaseHelperProtocol.swift in Sources */ = {isa = PBXBuildFile; fileRef = 047FC2AD285202D70027D6AA /* DatabaseHelperProtocol.swift */; };
		047FC2B0285202EF0027D6AA /* DataUser.swift in Sources */ = {isa = PBXBuildFile; fileRef = 047FC2AF285202EF0027D6AA /* DataUser.swift */; };
/* End PBXBuildFile section */

/* Begin PBXContainerItemProxy section */
		047FC2572851D7550027D6AA /* PBXContainerItemProxy */ = {
			isa = PBXContainerItemProxy;
			containerPortal = 047FC2352851D7510027D6AA /* Project object */;
			proxyType = 1;
			remoteGlobalIDString = 047FC23C2851D7510027D6AA;
			remoteInfo = ProductApp;
		};
		047FC2612851D7550027D6AA /* PBXContainerItemProxy */ = {
			isa = PBXContainerItemProxy;
			containerPortal = 047FC2352851D7510027D6AA /* Project object */;
			proxyType = 1;
			remoteGlobalIDString = 047FC23C2851D7510027D6AA;
			remoteInfo = ProductApp;
		};
/* End PBXContainerItemProxy section */

/* Begin PBXFileReference section */
		047FC23D2851D7510027D6AA /* ProductApp.app */ = {isa = PBXFileReference; explicitFileType = wrapper.application; includeInIndex = 0; path = ProductApp.app; sourceTree = BUILT_PRODUCTS_DIR; };
		047FC2402851D7510027D6AA /* AppDelegate.swift */ = {isa = PBXFileReference; lastKnownFileType = sourcecode.swift; path = AppDelegate.swift; sourceTree = "<group>"; };
		047FC24A2851D7510027D6AA /* ProductApp.xcdatamodel */ = {isa = PBXFileReference; lastKnownFileType = wrapper.xcdatamodel; path = ProductApp.xcdatamodel; sourceTree = "<group>"; };
		047FC24C2851D7540027D6AA /* Assets.xcassets */ = {isa = PBXFileReference; lastKnownFileType = folder.assetcatalog; path = Assets.xcassets; sourceTree = "<group>"; };
		047FC24F2851D7540027D6AA /* Base */ = {isa = PBXFileReference; lastKnownFileType = file.storyboard; name = Base; path = Base.lproj/LaunchScreen.storyboard; sourceTree = "<group>"; };
		047FC2512851D7540027D6AA /* Info.plist */ = {isa = PBXFileReference; lastKnownFileType = text.plist.xml; path = Info.plist; sourceTree = "<group>"; };
		047FC2562851D7550027D6AA /* ProductAppTests.xctest */ = {isa = PBXFileReference; explicitFileType = wrapper.cfbundle; includeInIndex = 0; path = ProductAppTests.xctest; sourceTree = BUILT_PRODUCTS_DIR; };
		047FC25A2851D7550027D6AA /* ProductAppTests.swift */ = {isa = PBXFileReference; lastKnownFileType = sourcecode.swift; path = ProductAppTests.swift; sourceTree = "<group>"; };
		047FC2602851D7550027D6AA /* ProductAppUITests.xctest */ = {isa = PBXFileReference; explicitFileType = wrapper.cfbundle; includeInIndex = 0; path = ProductAppUITests.xctest; sourceTree = BUILT_PRODUCTS_DIR; };
		047FC2642851D7550027D6AA /* ProductAppUITests.swift */ = {isa = PBXFileReference; lastKnownFileType = sourcecode.swift; path = ProductAppUITests.swift; sourceTree = "<group>"; };
		047FC2662851D7550027D6AA /* ProductAppUITestsLaunchTests.swift */ = {isa = PBXFileReference; lastKnownFileType = sourcecode.swift; path = ProductAppUITestsLaunchTests.swift; sourceTree = "<group>"; };
		047FC2772851D8160027D6AA /* NetworkManager.swift */ = {isa = PBXFileReference; lastKnownFileType = sourcecode.swift; path = NetworkManager.swift; sourceTree = "<group>"; };
		047FC27F2851D9340027D6AA /* ProductModel.swift */ = {isa = PBXFileReference; lastKnownFileType = sourcecode.swift; path = ProductModel.swift; sourceTree = "<group>"; };
		047FC2882851DD110027D6AA /* ProductViewModel.swift */ = {isa = PBXFileReference; lastKnownFileType = sourcecode.swift; path = ProductViewModel.swift; sourceTree = "<group>"; };
		047FC28A2851DDA50027D6AA /* AppDelegateManager.swift */ = {isa = PBXFileReference; lastKnownFileType = sourcecode.swift; path = AppDelegateManager.swift; sourceTree = "<group>"; };
		047FC28C2851DE780027D6AA /* HomeVC.swift */ = {isa = PBXFileReference; lastKnownFileType = sourcecode.swift; path = HomeVC.swift; sourceTree = "<group>"; };
		047FC28D2851DE780027D6AA /* HomeVC.xib */ = {isa = PBXFileReference; lastKnownFileType = file.xib; path = HomeVC.xib; sourceTree = "<group>"; };
		047FC2952851DEE40027D6AA /* HomeCollectionViewCell.swift */ = {isa = PBXFileReference; lastKnownFileType = sourcecode.swift; path = HomeCollectionViewCell.swift; sourceTree = "<group>"; };
		047FC2962851DEE40027D6AA /* HomeCollectionViewCell.xib */ = {isa = PBXFileReference; lastKnownFileType = file.xib; path = HomeCollectionViewCell.xib; sourceTree = "<group>"; };
		047FC29A2851FA9E0027D6AA /* StaticShadow.swift */ = {isa = PBXFileReference; lastKnownFileType = sourcecode.swift; path = StaticShadow.swift; sourceTree = "<group>"; };
		047FC29D2851FC240027D6AA /* ImageLoader.swift */ = {isa = PBXFileReference; lastKnownFileType = sourcecode.swift; path = ImageLoader.swift; sourceTree = "<group>"; };
		047FC29F2851FCFA0027D6AA /* Home + Extenstion.swift */ = {isa = PBXFileReference; lastKnownFileType = sourcecode.swift; path = "Home + Extenstion.swift"; sourceTree = "<group>"; };
		047FC2A12851FDDA0027D6AA /* trackForMemoryLeaks.swift */ = {isa = PBXFileReference; lastKnownFileType = sourcecode.swift; path = trackForMemoryLeaks.swift; sourceTree = "<group>"; };
		047FC2A4285200920027D6AA /* Reachability.swift */ = {isa = PBXFileReference; lastKnownFileType = sourcecode.swift; path = Reachability.swift; sourceTree = "<group>"; };
		047FC2A72852022C0027D6AA /* DatabaseManagerProtocol.swift */ = {isa = PBXFileReference; lastKnownFileType = sourcecode.swift; path = DatabaseManagerProtocol.swift; sourceTree = "<group>"; };
		047FC2A9285202460027D6AA /* RecipeItemModel.swift */ = {isa = PBXFileReference; lastKnownFileType = sourcecode.swift; path = RecipeItemModel.swift; sourceTree = "<group>"; };
		047FC2AB285202B60027D6AA /* CoreDataHelper.swift */ = {isa = PBXFileReference; lastKnownFileType = sourcecode.swift; path = CoreDataHelper.swift; sourceTree = "<group>"; };
		047FC2AD285202D70027D6AA /* DatabaseHelperProtocol.swift */ = {isa = PBXFileReference; lastKnownFileType = sourcecode.swift; path = DatabaseHelperProtocol.swift; sourceTree = "<group>"; };
		047FC2AF285202EF0027D6AA /* DataUser.swift */ = {isa = PBXFileReference; lastKnownFileType = sourcecode.swift; path = DataUser.swift; sourceTree = "<group>"; };
/* End PBXFileReference section */

/* Begin PBXFrameworksBuildPhase section */
		047FC23A2851D7510027D6AA /* Frameworks */ = {
			isa = PBXFrameworksBuildPhase;
			buildActionMask = 2147483647;
			files = (
			);
			runOnlyForDeploymentPostprocessing = 0;
		};
		047FC2532851D7550027D6AA /* Frameworks */ = {
			isa = PBXFrameworksBuildPhase;
			buildActionMask = 2147483647;
			files = (
			);
			runOnlyForDeploymentPostprocessing = 0;
		};
		047FC25D2851D7550027D6AA /* Frameworks */ = {
			isa = PBXFrameworksBuildPhase;
			buildActionMask = 2147483647;
			files = (
			);
			runOnlyForDeploymentPostprocessing = 0;
		};
/* End PBXFrameworksBuildPhase section */

/* Begin PBXGroup section */
		047FC2342851D7510027D6AA = {
			isa = PBXGroup;
			children = (
				047FC23F2851D7510027D6AA /* ProductApp */,
				047FC2592851D7550027D6AA /* ProductAppTests */,
				047FC2632851D7550027D6AA /* ProductAppUITests */,
				047FC23E2851D7510027D6AA /* Products */,
			);
			sourceTree = "<group>";
		};
		047FC23E2851D7510027D6AA /* Products */ = {
			isa = PBXGroup;
			children = (
				047FC23D2851D7510027D6AA /* ProductApp.app */,
				047FC2562851D7550027D6AA /* ProductAppTests.xctest */,
				047FC2602851D7550027D6AA /* ProductAppUITests.xctest */,
			);
			name = Products;
			sourceTree = "<group>";
		};
		047FC23F2851D7510027D6AA /* ProductApp */ = {
			isa = PBXGroup;
			children = (
				047FC2792851D8680027D6AA /* Feature */,
				047FC2752851D7FE0027D6AA /* Base */,
				047FC2742851D7F50027D6AA /* Core */,
				047FC2732851D7ED0027D6AA /* Resources */,
				047FC2512851D7540027D6AA /* Info.plist */,
				047FC2492851D7510027D6AA /* ProductApp.xcdatamodeld */,
			);
			path = ProductApp;
			sourceTree = "<group>";
		};
		047FC2592851D7550027D6AA /* ProductAppTests */ = {
			isa = PBXGroup;
			children = (
				047FC25A2851D7550027D6AA /* ProductAppTests.swift */,
				047FC2A12851FDDA0027D6AA /* trackForMemoryLeaks.swift */,
			);
			path = ProductAppTests;
			sourceTree = "<group>";
		};
		047FC2632851D7550027D6AA /* ProductAppUITests */ = {
			isa = PBXGroup;
			children = (
				047FC2642851D7550027D6AA /* ProductAppUITests.swift */,
				047FC2662851D7550027D6AA /* ProductAppUITestsLaunchTests.swift */,
			);
			path = ProductAppUITests;
			sourceTree = "<group>";
		};
		047FC2732851D7ED0027D6AA /* Resources */ = {
			isa = PBXGroup;
			children = (
				047FC24C2851D7540027D6AA /* Assets.xcassets */,
				047FC24E2851D7540027D6AA /* LaunchScreen.storyboard */,
			);
			path = Resources;
			sourceTree = "<group>";
		};
		047FC2742851D7F50027D6AA /* Core */ = {
			isa = PBXGroup;
			children = (
				047FC2402851D7510027D6AA /* AppDelegate.swift */,
				047FC28A2851DDA50027D6AA /* AppDelegateManager.swift */,
			);
			path = Core;
			sourceTree = "<group>";
		};
		047FC2752851D7FE0027D6AA /* Base */ = {
			isa = PBXGroup;
			children = (
				047FC2A62852021F0027D6AA /* CoreData */,
				047FC2A3285200830027D6AA /* Reachability */,
				047FC29C2851FC1B0027D6AA /* Image */,
				047FC2992851FA8B0027D6AA /* BaseView */,
				047FC2762851D8030027D6AA /* BaseNetwork */,
			);
			path = Base;
			sourceTree = "<group>";
		};
		047FC2762851D8030027D6AA /* BaseNetwork */ = {
			isa = PBXGroup;
			children = (
				047FC2772851D8160027D6AA /* NetworkManager.swift */,
			);
			path = BaseNetwork;
			sourceTree = "<group>";
		};
		047FC2792851D8680027D6AA /* Feature */ = {
			isa = PBXGroup;
			children = (
				047FC27A2851D8E10027D6AA /* Home */,
			);
			path = Feature;
			sourceTree = "<group>";
		};
		047FC27A2851D8E10027D6AA /* Home */ = {
			isa = PBXGroup;
			children = (
				047FC27D2851D8F40027D6AA /* Presntation */,
				047FC27B2851D8E60027D6AA /* Data */,
			);
			path = Home;
			sourceTree = "<group>";
		};
		047FC27B2851D8E60027D6AA /* Data */ = {
			isa = PBXGroup;
			children = (
				047FC27E2851D9020027D6AA /* Model */,
			);
			path = Data;
			sourceTree = "<group>";
		};
		047FC27D2851D8F40027D6AA /* Presntation */ = {
			isa = PBXGroup;
			children = (
				047FC2872851DCF20027D6AA /* ViewModel */,
				047FC2862851DCEC0027D6AA /* View */,
			);
			path = Presntation;
			sourceTree = "<group>";
		};
		047FC27E2851D9020027D6AA /* Model */ = {
			isa = PBXGroup;
			children = (
				047FC27F2851D9340027D6AA /* ProductModel.swift */,
			);
			path = Model;
			sourceTree = "<group>";
		};
		047FC2862851DCEC0027D6AA /* View */ = {
			isa = PBXGroup;
			children = (
				047FC2902851DE970027D6AA /* Cell */,
				047FC28C2851DE780027D6AA /* HomeVC.swift */,
				047FC28D2851DE780027D6AA /* HomeVC.xib */,
				047FC29F2851FCFA0027D6AA /* Home + Extenstion.swift */,
			);
			path = View;
			sourceTree = "<group>";
		};
		047FC2872851DCF20027D6AA /* ViewModel */ = {
			isa = PBXGroup;
			children = (
				047FC2882851DD110027D6AA /* ProductViewModel.swift */,
			);
			path = ViewModel;
			sourceTree = "<group>";
		};
		047FC2902851DE970027D6AA /* Cell */ = {
			isa = PBXGroup;
			children = (
				047FC2952851DEE40027D6AA /* HomeCollectionViewCell.swift */,
				047FC2962851DEE40027D6AA /* HomeCollectionViewCell.xib */,
			);
			path = Cell;
			sourceTree = "<group>";
		};
		047FC2992851FA8B0027D6AA /* BaseView */ = {
			isa = PBXGroup;
			children = (
				047FC29A2851FA9E0027D6AA /* StaticShadow.swift */,
			);
			path = BaseView;
			sourceTree = "<group>";
		};
		047FC29C2851FC1B0027D6AA /* Image */ = {
			isa = PBXGroup;
			children = (
				047FC29D2851FC240027D6AA /* ImageLoader.swift */,
			);
			path = Image;
			sourceTree = "<group>";
		};
		047FC2A3285200830027D6AA /* Reachability */ = {
			isa = PBXGroup;
			children = (
				047FC2A4285200920027D6AA /* Reachability.swift */,
			);
			path = Reachability;
			sourceTree = "<group>";
		};
		047FC2A62852021F0027D6AA /* CoreData */ = {
			isa = PBXGroup;
			children = (
				047FC2A72852022C0027D6AA /* DatabaseManagerProtocol.swift */,
				047FC2A9285202460027D6AA /* RecipeItemModel.swift */,
				047FC2AB285202B60027D6AA /* CoreDataHelper.swift */,
				047FC2AD285202D70027D6AA /* DatabaseHelperProtocol.swift */,
				047FC2AF285202EF0027D6AA /* DataUser.swift */,
			);
			path = CoreData;
			sourceTree = "<group>";
		};
/* End PBXGroup section */

/* Begin PBXNativeTarget section */
		047FC23C2851D7510027D6AA /* ProductApp */ = {
			isa = PBXNativeTarget;
			buildConfigurationList = 047FC26A2851D7550027D6AA /* Build configuration list for PBXNativeTarget "ProductApp" */;
			buildPhases = (
				047FC2392851D7510027D6AA /* Sources */,
				047FC23A2851D7510027D6AA /* Frameworks */,
				047FC23B2851D7510027D6AA /* Resources */,
			);
			buildRules = (
			);
			dependencies = (
			);
			name = ProductApp;
			productName = ProductApp;
			productReference = 047FC23D2851D7510027D6AA /* ProductApp.app */;
			productType = "com.apple.product-type.application";
		};
		047FC2552851D7550027D6AA /* ProductAppTests */ = {
			isa = PBXNativeTarget;
			buildConfigurationList = 047FC26D2851D7550027D6AA /* Build configuration list for PBXNativeTarget "ProductAppTests" */;
			buildPhases = (
				047FC2522851D7550027D6AA /* Sources */,
				047FC2532851D7550027D6AA /* Frameworks */,
				047FC2542851D7550027D6AA /* Resources */,
			);
			buildRules = (
			);
			dependencies = (
				047FC2582851D7550027D6AA /* PBXTargetDependency */,
			);
			name = ProductAppTests;
			productName = ProductAppTests;
			productReference = 047FC2562851D7550027D6AA /* ProductAppTests.xctest */;
			productType = "com.apple.product-type.bundle.unit-test";
		};
		047FC25F2851D7550027D6AA /* ProductAppUITests */ = {
			isa = PBXNativeTarget;
			buildConfigurationList = 047FC2702851D7550027D6AA /* Build configuration list for PBXNativeTarget "ProductAppUITests" */;
			buildPhases = (
				047FC25C2851D7550027D6AA /* Sources */,
				047FC25D2851D7550027D6AA /* Frameworks */,
				047FC25E2851D7550027D6AA /* Resources */,
			);
			buildRules = (
			);
			dependencies = (
				047FC2622851D7550027D6AA /* PBXTargetDependency */,
			);
			name = ProductAppUITests;
			productName = ProductAppUITests;
			productReference = 047FC2602851D7550027D6AA /* ProductAppUITests.xctest */;
			productType = "com.apple.product-type.bundle.ui-testing";
		};
/* End PBXNativeTarget section */

/* Begin PBXProject section */
		047FC2352851D7510027D6AA /* Project object */ = {
			isa = PBXProject;
			attributes = {
				BuildIndependentTargetsInParallel = 1;
				LastSwiftUpdateCheck = 1320;
				LastUpgradeCheck = 1320;
				TargetAttributes = {
					047FC23C2851D7510027D6AA = {
						CreatedOnToolsVersion = 13.2.1;
					};
					047FC2552851D7550027D6AA = {
						CreatedOnToolsVersion = 13.2.1;
						TestTargetID = 047FC23C2851D7510027D6AA;
					};
					047FC25F2851D7550027D6AA = {
						CreatedOnToolsVersion = 13.2.1;
						TestTargetID = 047FC23C2851D7510027D6AA;
					};
				};
			};
			buildConfigurationList = 047FC2382851D7510027D6AA /* Build configuration list for PBXProject "ProductApp" */;
			compatibilityVersion = "Xcode 13.0";
			developmentRegion = en;
			hasScannedForEncodings = 0;
			knownRegions = (
				en,
				Base,
			);
			mainGroup = 047FC2342851D7510027D6AA;
			productRefGroup = 047FC23E2851D7510027D6AA /* Products */;
			projectDirPath = "";
			projectRoot = "";
			targets = (
				047FC23C2851D7510027D6AA /* ProductApp */,
				047FC2552851D7550027D6AA /* ProductAppTests */,
				047FC25F2851D7550027D6AA /* ProductAppUITests */,
			);
		};
/* End PBXProject section */

/* Begin PBXResourcesBuildPhase section */
		047FC23B2851D7510027D6AA /* Resources */ = {
			isa = PBXResourcesBuildPhase;
			buildActionMask = 2147483647;
			files = (
				047FC2502851D7540027D6AA /* LaunchScreen.storyboard in Resources */,
				047FC28F2851DE780027D6AA /* HomeVC.xib in Resources */,
				047FC24D2851D7540027D6AA /* Assets.xcassets in Resources */,
				047FC2982851DEE40027D6AA /* HomeCollectionViewCell.xib in Resources */,
			);
			runOnlyForDeploymentPostprocessing = 0;
		};
		047FC2542851D7550027D6AA /* Resources */ = {
			isa = PBXResourcesBuildPhase;
			buildActionMask = 2147483647;
			files = (
			);
			runOnlyForDeploymentPostprocessing = 0;
		};
		047FC25E2851D7550027D6AA /* Resources */ = {
			isa = PBXResourcesBuildPhase;
			buildActionMask = 2147483647;
			files = (
			);
			runOnlyForDeploymentPostprocessing = 0;
		};
/* End PBXResourcesBuildPhase section */

/* Begin PBXSourcesBuildPhase section */
		047FC2392851D7510027D6AA /* Sources */ = {
			isa = PBXSourcesBuildPhase;
			buildActionMask = 2147483647;
			files = (
				047FC2AC285202B60027D6AA /* CoreDataHelper.swift in Sources */,
				047FC29B2851FA9E0027D6AA /* StaticShadow.swift in Sources */,
				047FC2782851D8160027D6AA /* NetworkManager.swift in Sources */,
				047FC2A5285200920027D6AA /* Reachability.swift in Sources */,
				047FC29E2851FC240027D6AA /* ImageLoader.swift in Sources */,
				047FC2AA285202460027D6AA /* RecipeItemModel.swift in Sources */,
				047FC28E2851DE780027D6AA /* HomeVC.swift in Sources */,
				047FC24B2851D7510027D6AA /* ProductApp.xcdatamodeld in Sources */,
				047FC2A02851FCFA0027D6AA /* Home + Extenstion.swift in Sources */,
				047FC28B2851DDA50027D6AA /* AppDelegateManager.swift in Sources */,
				047FC2412851D7510027D6AA /* AppDelegate.swift in Sources */,
				047FC2802851D9340027D6AA /* ProductModel.swift in Sources */,
				047FC2892851DD110027D6AA /* ProductViewModel.swift in Sources */,
				047FC2A82852022C0027D6AA /* DatabaseManagerProtocol.swift in Sources */,
				047FC2AE285202D70027D6AA /* DatabaseHelperProtocol.swift in Sources */,
				047FC2B0285202EF0027D6AA /* DataUser.swift in Sources */,
				047FC2972851DEE40027D6AA /* HomeCollectionViewCell.swift in Sources */,
			);
			runOnlyForDeploymentPostprocessing = 0;
		};
		047FC2522851D7550027D6AA /* Sources */ = {
			isa = PBXSourcesBuildPhase;
			buildActionMask = 2147483647;
			files = (
				047FC25B2851D7550027D6AA /* ProductAppTests.swift in Sources */,
				047FC2A22851FDDA0027D6AA /* trackForMemoryLeaks.swift in Sources */,
			);
			runOnlyForDeploymentPostprocessing = 0;
		};
		047FC25C2851D7550027D6AA /* Sources */ = {
			isa = PBXSourcesBuildPhase;
			buildActionMask = 2147483647;
			files = (
				047FC2672851D7550027D6AA /* ProductAppUITestsLaunchTests.swift in Sources */,
				047FC2652851D7550027D6AA /* ProductAppUITests.swift in Sources */,
			);
			runOnlyForDeploymentPostprocessing = 0;
		};
/* End PBXSourcesBuildPhase section */

/* Begin PBXTargetDependency section */
		047FC2582851D7550027D6AA /* PBXTargetDependency */ = {
			isa = PBXTargetDependency;
			target = 047FC23C2851D7510027D6AA /* ProductApp */;
			targetProxy = 047FC2572851D7550027D6AA /* PBXContainerItemProxy */;
		};
		047FC2622851D7550027D6AA /* PBXTargetDependency */ = {
			isa = PBXTargetDependency;
			target = 047FC23C2851D7510027D6AA /* ProductApp */;
			targetProxy = 047FC2612851D7550027D6AA /* PBXContainerItemProxy */;
		};
/* End PBXTargetDependency section */

/* Begin PBXVariantGroup section */
		047FC24E2851D7540027D6AA /* LaunchScreen.storyboard */ = {
			isa = PBXVariantGroup;
			children = (
				047FC24F2851D7540027D6AA /* Base */,
			);
			name = LaunchScreen.storyboard;
			sourceTree = "<group>";
		};
/* End PBXVariantGroup section */

/* Begin XCBuildConfiguration section */
		047FC2682851D7550027D6AA /* Debug */ = {
			isa = XCBuildConfiguration;
			buildSettings = {
				ALWAYS_SEARCH_USER_PATHS = NO;
				CLANG_ANALYZER_NONNULL = YES;
				CLANG_ANALYZER_NUMBER_OBJECT_CONVERSION = YES_AGGRESSIVE;
				CLANG_CXX_LANGUAGE_STANDARD = "gnu++17";
				CLANG_CXX_LIBRARY = "libc++";
				CLANG_ENABLE_MODULES = YES;
				CLANG_ENABLE_OBJC_ARC = YES;
				CLANG_ENABLE_OBJC_WEAK = YES;
				CLANG_WARN_BLOCK_CAPTURE_AUTORELEASING = YES;
				CLANG_WARN_BOOL_CONVERSION = YES;
				CLANG_WARN_COMMA = YES;
				CLANG_WARN_CONSTANT_CONVERSION = YES;
				CLANG_WARN_DEPRECATED_OBJC_IMPLEMENTATIONS = YES;
				CLANG_WARN_DIRECT_OBJC_ISA_USAGE = YES_ERROR;
				CLANG_WARN_DOCUMENTATION_COMMENTS = YES;
				CLANG_WARN_EMPTY_BODY = YES;
				CLANG_WARN_ENUM_CONVERSION = YES;
				CLANG_WARN_INFINITE_RECURSION = YES;
				CLANG_WARN_INT_CONVERSION = YES;
				CLANG_WARN_NON_LITERAL_NULL_CONVERSION = YES;
				CLANG_WARN_OBJC_IMPLICIT_RETAIN_SELF = YES;
				CLANG_WARN_OBJC_LITERAL_CONVERSION = YES;
				CLANG_WARN_OBJC_ROOT_CLASS = YES_ERROR;
				CLANG_WARN_QUOTED_INCLUDE_IN_FRAMEWORK_HEADER = YES;
				CLANG_WARN_RANGE_LOOP_ANALYSIS = YES;
				CLANG_WARN_STRICT_PROTOTYPES = YES;
				CLANG_WARN_SUSPICIOUS_MOVE = YES;
				CLANG_WARN_UNGUARDED_AVAILABILITY = YES_AGGRESSIVE;
				CLANG_WARN_UNREACHABLE_CODE = YES;
				CLANG_WARN__DUPLICATE_METHOD_MATCH = YES;
				COPY_PHASE_STRIP = NO;
				DEBUG_INFORMATION_FORMAT = dwarf;
				ENABLE_STRICT_OBJC_MSGSEND = YES;
				ENABLE_TESTABILITY = YES;
				GCC_C_LANGUAGE_STANDARD = gnu11;
				GCC_DYNAMIC_NO_PIC = NO;
				GCC_NO_COMMON_BLOCKS = YES;
				GCC_OPTIMIZATION_LEVEL = 0;
				GCC_PREPROCESSOR_DEFINITIONS = (
					"DEBUG=1",
					"$(inherited)",
				);
				GCC_WARN_64_TO_32_BIT_CONVERSION = YES;
				GCC_WARN_ABOUT_RETURN_TYPE = YES_ERROR;
				GCC_WARN_UNDECLARED_SELECTOR = YES;
				GCC_WARN_UNINITIALIZED_AUTOS = YES_AGGRESSIVE;
				GCC_WARN_UNUSED_FUNCTION = YES;
				GCC_WARN_UNUSED_VARIABLE = YES;
				IPHONEOS_DEPLOYMENT_TARGET = 15.2;
				MTL_ENABLE_DEBUG_INFO = INCLUDE_SOURCE;
				MTL_FAST_MATH = YES;
				ONLY_ACTIVE_ARCH = YES;
				SDKROOT = iphoneos;
				SWIFT_ACTIVE_COMPILATION_CONDITIONS = DEBUG;
				SWIFT_OPTIMIZATION_LEVEL = "-Onone";
			};
			name = Debug;
		};
		047FC2692851D7550027D6AA /* Release */ = {
			isa = XCBuildConfiguration;
			buildSettings = {
				ALWAYS_SEARCH_USER_PATHS = NO;
				CLANG_ANALYZER_NONNULL = YES;
				CLANG_ANALYZER_NUMBER_OBJECT_CONVERSION = YES_AGGRESSIVE;
				CLANG_CXX_LANGUAGE_STANDARD = "gnu++17";
				CLANG_CXX_LIBRARY = "libc++";
				CLANG_ENABLE_MODULES = YES;
				CLANG_ENABLE_OBJC_ARC = YES;
				CLANG_ENABLE_OBJC_WEAK = YES;
				CLANG_WARN_BLOCK_CAPTURE_AUTORELEASING = YES;
				CLANG_WARN_BOOL_CONVERSION = YES;
				CLANG_WARN_COMMA = YES;
				CLANG_WARN_CONSTANT_CONVERSION = YES;
				CLANG_WARN_DEPRECATED_OBJC_IMPLEMENTATIONS = YES;
				CLANG_WARN_DIRECT_OBJC_ISA_USAGE = YES_ERROR;
				CLANG_WARN_DOCUMENTATION_COMMENTS = YES;
				CLANG_WARN_EMPTY_BODY = YES;
				CLANG_WARN_ENUM_CONVERSION = YES;
				CLANG_WARN_INFINITE_RECURSION = YES;
				CLANG_WARN_INT_CONVERSION = YES;
				CLANG_WARN_NON_LITERAL_NULL_CONVERSION = YES;
				CLANG_WARN_OBJC_IMPLICIT_RETAIN_SELF = YES;
				CLANG_WARN_OBJC_LITERAL_CONVERSION = YES;
				CLANG_WARN_OBJC_ROOT_CLASS = YES_ERROR;
				CLANG_WARN_QUOTED_INCLUDE_IN_FRAMEWORK_HEADER = YES;
				CLANG_WARN_RANGE_LOOP_ANALYSIS = YES;
				CLANG_WARN_STRICT_PROTOTYPES = YES;
				CLANG_WARN_SUSPICIOUS_MOVE = YES;
				CLANG_WARN_UNGUARDED_AVAILABILITY = YES_AGGRESSIVE;
				CLANG_WARN_UNREACHABLE_CODE = YES;
				CLANG_WARN__DUPLICATE_METHOD_MATCH = YES;
				COPY_PHASE_STRIP = NO;
				DEBUG_INFORMATION_FORMAT = "dwarf-with-dsym";
				ENABLE_NS_ASSERTIONS = NO;
				ENABLE_STRICT_OBJC_MSGSEND = YES;
				GCC_C_LANGUAGE_STANDARD = gnu11;
				GCC_NO_COMMON_BLOCKS = YES;
				GCC_WARN_64_TO_32_BIT_CONVERSION = YES;
				GCC_WARN_ABOUT_RETURN_TYPE = YES_ERROR;
				GCC_WARN_UNDECLARED_SELECTOR = YES;
				GCC_WARN_UNINITIALIZED_AUTOS = YES_AGGRESSIVE;
				GCC_WARN_UNUSED_FUNCTION = YES;
				GCC_WARN_UNUSED_VARIABLE = YES;
				IPHONEOS_DEPLOYMENT_TARGET = 15.2;
				MTL_ENABLE_DEBUG_INFO = NO;
				MTL_FAST_MATH = YES;
				SDKROOT = iphoneos;
				SWIFT_COMPILATION_MODE = wholemodule;
				SWIFT_OPTIMIZATION_LEVEL = "-O";
				VALIDATE_PRODUCT = YES;
			};
			name = Release;
		};
		047FC26B2851D7550027D6AA /* Debug */ = {
			isa = XCBuildConfiguration;
			buildSettings = {
				ASSETCATALOG_COMPILER_APPICON_NAME = AppIcon;
				ASSETCATALOG_COMPILER_GLOBAL_ACCENT_COLOR_NAME = AccentColor;
				CODE_SIGN_STYLE = Automatic;
				CURRENT_PROJECT_VERSION = 1;
				DEVELOPMENT_TEAM = SB6MTB7YS3;
				GENERATE_INFOPLIST_FILE = YES;
				INFOPLIST_FILE = ProductApp/Info.plist;
				INFOPLIST_KEY_UIApplicationSupportsIndirectInputEvents = YES;
				INFOPLIST_KEY_UILaunchStoryboardName = LaunchScreen;
				INFOPLIST_KEY_UIMainStoryboardFile = LaunchScreen;
				INFOPLIST_KEY_UISupportedInterfaceOrientations_iPad = "UIInterfaceOrientationPortrait UIInterfaceOrientationPortraitUpsideDown UIInterfaceOrientationLandscapeLeft UIInterfaceOrientationLandscapeRight";
				INFOPLIST_KEY_UISupportedInterfaceOrientations_iPhone = "UIInterfaceOrientationPortrait UIInterfaceOrientationLandscapeLeft UIInterfaceOrientationLandscapeRight";
				IPHONEOS_DEPLOYMENT_TARGET = 13.0;
				LD_RUNPATH_SEARCH_PATHS = (
					"$(inherited)",
					"@executable_path/Frameworks",
				);
				MARKETING_VERSION = 1.0;
				PRODUCT_BUNDLE_IDENTIFIER = new.com.ProductApp;
				PRODUCT_NAME = "$(TARGET_NAME)";
				SWIFT_EMIT_LOC_STRINGS = YES;
				SWIFT_VERSION = 5.0;
				TARGETED_DEVICE_FAMILY = "1,2";
			};
			name = Debug;
		};
		047FC26C2851D7550027D6AA /* Release */ = {
			isa = XCBuildConfiguration;
			buildSettings = {
				ASSETCATALOG_COMPILER_APPICON_NAME = AppIcon;
				ASSETCATALOG_COMPILER_GLOBAL_ACCENT_COLOR_NAME = AccentColor;
				CODE_SIGN_STYLE = Automatic;
				CURRENT_PROJECT_VERSION = 1;
				DEVELOPMENT_TEAM = SB6MTB7YS3;
				GENERATE_INFOPLIST_FILE = YES;
				INFOPLIST_FILE = ProductApp/Info.plist;
				INFOPLIST_KEY_UIApplicationSupportsIndirectInputEvents = YES;
				INFOPLIST_KEY_UILaunchStoryboardName = LaunchScreen;
				INFOPLIST_KEY_UIMainStoryboardFile = LaunchScreen;
				INFOPLIST_KEY_UISupportedInterfaceOrientations_iPad = "UIInterfaceOrientationPortrait UIInterfaceOrientationPortraitUpsideDown UIInterfaceOrientationLandscapeLeft UIInterfaceOrientationLandscapeRight";
				INFOPLIST_KEY_UISupportedInterfaceOrientations_iPhone = "UIInterfaceOrientationPortrait UIInterfaceOrientationLandscapeLeft UIInterfaceOrientationLandscapeRight";
				IPHONEOS_DEPLOYMENT_TARGET = 13.0;
				LD_RUNPATH_SEARCH_PATHS = (
					"$(inherited)",
					"@executable_path/Frameworks",
				);
				MARKETING_VERSION = 1.0;
				PRODUCT_BUNDLE_IDENTIFIER = new.com.ProductApp;
				PRODUCT_NAME = "$(TARGET_NAME)";
				SWIFT_EMIT_LOC_STRINGS = YES;
				SWIFT_VERSION = 5.0;
				TARGETED_DEVICE_FAMILY = "1,2";
			};
			name = Release;
		};
		047FC26E2851D7550027D6AA /* Debug */ = {
			isa = XCBuildConfiguration;
			buildSettings = {
				ALWAYS_EMBED_SWIFT_STANDARD_LIBRARIES = YES;
				BUNDLE_LOADER = "$(TEST_HOST)";
				CODE_SIGN_STYLE = Automatic;
				CURRENT_PROJECT_VERSION = 1;
				DEVELOPMENT_TEAM = SB6MTB7YS3;
				GENERATE_INFOPLIST_FILE = YES;
				IPHONEOS_DEPLOYMENT_TARGET = 15.2;
				MARKETING_VERSION = 1.0;
				PRODUCT_BUNDLE_IDENTIFIER = new.com.ProductAppTests;
				PRODUCT_NAME = "$(TARGET_NAME)";
				SWIFT_EMIT_LOC_STRINGS = NO;
				SWIFT_VERSION = 5.0;
				TARGETED_DEVICE_FAMILY = "1,2";
				TEST_HOST = "$(BUILT_PRODUCTS_DIR)/ProductApp.app/ProductApp";
			};
			name = Debug;
		};
		047FC26F2851D7550027D6AA /* Release */ = {
			isa = XCBuildConfiguration;
			buildSettings = {
				ALWAYS_EMBED_SWIFT_STANDARD_LIBRARIES = YES;
				BUNDLE_LOADER = "$(TEST_HOST)";
				CODE_SIGN_STYLE = Automatic;
				CURRENT_PROJECT_VERSION = 1;
				DEVELOPMENT_TEAM = SB6MTB7YS3;
				GENERATE_INFOPLIST_FILE = YES;
				IPHONEOS_DEPLOYMENT_TARGET = 15.2;
				MARKETING_VERSION = 1.0;
				PRODUCT_BUNDLE_IDENTIFIER = new.com.ProductAppTests;
				PRODUCT_NAME = "$(TARGET_NAME)";
				SWIFT_EMIT_LOC_STRINGS = NO;
				SWIFT_VERSION = 5.0;
				TARGETED_DEVICE_FAMILY = "1,2";
				TEST_HOST = "$(BUILT_PRODUCTS_DIR)/ProductApp.app/ProductApp";
			};
			name = Release;
		};
		047FC2712851D7550027D6AA /* Debug */ = {
			isa = XCBuildConfiguration;
			buildSettings = {
				ALWAYS_EMBED_SWIFT_STANDARD_LIBRARIES = YES;
				CODE_SIGN_STYLE = Automatic;
				CURRENT_PROJECT_VERSION = 1;
				DEVELOPMENT_TEAM = SB6MTB7YS3;
				GENERATE_INFOPLIST_FILE = YES;
				MARKETING_VERSION = 1.0;
				PRODUCT_BUNDLE_IDENTIFIER = new.com.ProductAppUITests;
				PRODUCT_NAME = "$(TARGET_NAME)";
				SWIFT_EMIT_LOC_STRINGS = NO;
				SWIFT_VERSION = 5.0;
				TARGETED_DEVICE_FAMILY = "1,2";
				TEST_TARGET_NAME = ProductApp;
			};
			name = Debug;
		};
		047FC2722851D7550027D6AA /* Release */ = {
			isa = XCBuildConfiguration;
			buildSettings = {
				ALWAYS_EMBED_SWIFT_STANDARD_LIBRARIES = YES;
				CODE_SIGN_STYLE = Automatic;
				CURRENT_PROJECT_VERSION = 1;
				DEVELOPMENT_TEAM = SB6MTB7YS3;
				GENERATE_INFOPLIST_FILE = YES;
				MARKETING_VERSION = 1.0;
				PRODUCT_BUNDLE_IDENTIFIER = new.com.ProductAppUITests;
				PRODUCT_NAME = "$(TARGET_NAME)";
				SWIFT_EMIT_LOC_STRINGS = NO;
				SWIFT_VERSION = 5.0;
				TARGETED_DEVICE_FAMILY = "1,2";
				TEST_TARGET_NAME = ProductApp;
			};
			name = Release;
		};
/* End XCBuildConfiguration section */

/* Begin XCConfigurationList section */
		047FC2382851D7510027D6AA /* Build configuration list for PBXProject "ProductApp" */ = {
			isa = XCConfigurationList;
			buildConfigurations = (
				047FC2682851D7550027D6AA /* Debug */,
				047FC2692851D7550027D6AA /* Release */,
			);
			defaultConfigurationIsVisible = 0;
			defaultConfigurationName = Release;
		};
		047FC26A2851D7550027D6AA /* Build configuration list for PBXNativeTarget "ProductApp" */ = {
			isa = XCConfigurationList;
			buildConfigurations = (
				047FC26B2851D7550027D6AA /* Debug */,
				047FC26C2851D7550027D6AA /* Release */,
			);
			defaultConfigurationIsVisible = 0;
			defaultConfigurationName = Release;
		};
		047FC26D2851D7550027D6AA /* Build configuration list for PBXNativeTarget "ProductAppTests" */ = {
			isa = XCConfigurationList;
			buildConfigurations = (
				047FC26E2851D7550027D6AA /* Debug */,
				047FC26F2851D7550027D6AA /* Release */,
			);
			defaultConfigurationIsVisible = 0;
			defaultConfigurationName = Release;
		};
		047FC2702851D7550027D6AA /* Build configuration list for PBXNativeTarget "ProductAppUITests" */ = {
			isa = XCConfigurationList;
			buildConfigurations = (
				047FC2712851D7550027D6AA /* Debug */,
				047FC2722851D7550027D6AA /* Release */,
			);
			defaultConfigurationIsVisible = 0;
			defaultConfigurationName = Release;
		};
/* End XCConfigurationList section */

/* Begin XCVersionGroup section */
		047FC2492851D7510027D6AA /* ProductApp.xcdatamodeld */ = {
			isa = XCVersionGroup;
			children = (
				047FC24A2851D7510027D6AA /* ProductApp.xcdatamodel */,
			);
			currentVersion = 047FC24A2851D7510027D6AA /* ProductApp.xcdatamodel */;
			path = ProductApp.xcdatamodeld;
			sourceTree = "<group>";
			versionGroupType = wrapper.xcdatamodel;
		};
/* End XCVersionGroup section */
	};
	rootObject = 047FC2352851D7510027D6AA /* Project object */;
}
